
Microsoft Visual Studio Solution File, Format Version 10.00
# Visual Studio 2008
Project("{FAE04EC0-301F-11D3-BF4B-00C04F79EFBC}") = "GPUKohonenLib", "GPUKohonenLib\GPUKohonenLib.csproj", "{DF9DC2D1-9913-4BFD-A6B2-9CA5FB7F8D19}"
EndProject
Project("{FAE04EC0-301F-11D3-BF4B-00C04F79EFBC}") = "GPUKohonenTest", "GPUKohonenTest\GPUKohonenTest.csproj", "{03202233-B7E0-4B65-B9ED-099CDC6B5687}"
EndProject
Global
	GlobalSection(SolutionConfigurationPlatforms) = preSolution
		Debug|Any CPU = Debug|Any CPU
		Release|Any CPU = Release|Any CPU
	EndGlobalSection
	GlobalSection(ProjectConfigurationPlatforms) = postSolution
		{DF9DC2D1-9913-4BFD-A6B2-9CA5FB7F8D19}.Debug|Any CPU.ActiveCfg = Debug|Any CPU
		{DF9DC2D1-9913-4BFD-A6B2-9CA5FB7F8D19}.Debug|Any CPU.Build.0 = Debug|Any CPU
		{DF9DC2D1-9913-4BFD-A6B2-9CA5FB7F8D19}.Release|Any CPU.ActiveCfg = Release|Any CPU
		{DF9DC2D1-9913-4BFD-A6B2-9CA5FB7F8D19}.Release|Any CPU.Build.0 = Release|Any CPU
		{03202233-B7E0-4B65-B9ED-099CDC6B5687}.Debug|Any CPU.ActiveCfg = Debug|Any CPU
		{03202233-B7E0-4B65-B9ED-099CDC6B5687}.Debug|Any CPU.Build.0 = Debug|Any CPU
		{03202233-B7E0-4B65-B9ED-099CDC6B5687}.Release|Any CPU.ActiveCfg = Release|Any CPU
		{03202233-B7E0-4B65-B9ED-099CDC6B5687}.Release|Any CPU.Build.0 = Release|Any CPU
	EndGlobalSection
	GlobalSection(SolutionProperties) = preSolution
		HideSolutionNode = FALSE
	EndGlobalSection
	GlobalSection(ExtensibilityGlobals) = postSolution
		VisualSVNWorkingCopyRoot = 
	EndGlobalSection
EndGlobal
